
Microsoft Visual Studio Solution File, Format Version 12.00
# Visual Studio 15
VisualStudioVersion = 15.0.28307.271
MinimumVisualStudioVersion = 10.0.40219.1
Project("{FAE04EC0-301F-11D3-BF4B-00C04F79EFBC}") = "ServerTcp", "Lesson18\ServerTcp.csproj", "{E6788A67-6B0F-435C-AC9E-416DE2302F76}"
EndProject
Project("{FAE04EC0-301F-11D3-BF4B-00C04F79EFBC}") = "ClientTcp", "ClientTcp\ClientTcp.csproj", "{3833A38F-69F4-466F-8DC8-B41F8E697A30}"
EndProject
Global
	GlobalSection(SolutionConfigurationPlatforms) = preSolution
		Debug|Any CPU = Debug|Any CPU
		Release|Any CPU = Release|Any CPU
	EndGlobalSection
	GlobalSection(ProjectConfigurationPlatforms) = postSolution
		{E6788A67-6B0F-435C-AC9E-416DE2302F76}.Debug|Any CPU.ActiveCfg = Debug|Any CPU
		{E6788A67-6B0F-435C-AC9E-416DE2302F76}.Debug|Any CPU.Build.0 = Debug|Any CPU
		{E6788A67-6B0F-435C-AC9E-416DE2302F76}.Release|Any CPU.ActiveCfg = Release|Any CPU
		{E6788A67-6B0F-435C-AC9E-416DE2302F76}.Release|Any CPU.Build.0 = Release|Any CPU
		{3833A38F-69F4-466F-8DC8-B41F8E697A30}.Debug|Any CPU.ActiveCfg = Debug|Any CPU
		{3833A38F-69F4-466F-8DC8-B41F8E697A30}.Debug|Any CPU.Build.0 = Debug|Any CPU
		{3833A38F-69F4-466F-8DC8-B41F8E697A30}.Release|Any CPU.ActiveCfg = Release|Any CPU
		{3833A38F-69F4-466F-8DC8-B41F8E697A30}.Release|Any CPU.Build.0 = Release|Any CPU
	EndGlobalSection
	GlobalSection(SolutionProperties) = preSolution
		HideSolutionNode = FALSE
	EndGlobalSection
	GlobalSection(ExtensibilityGlobals) = postSolution
		SolutionGuid = {CFD8F0A0-FEC8-41E8-B773-A809056FA98A}
	EndGlobalSection
EndGlobal
